
Microsoft Visual Studio Solution File, Format Version 12.00
# Visual Studio Version 17
VisualStudioVersion = 17.5.002.0
MinimumVisualStudioVersion = 10.0.40219.1
Project("{9A19103F-16F7-4668-BE54-9A1E7A4F7556}") = "HienThi20SoNguyenToDauTien", "HienThi20SoNguyenToDauTien.csproj", "{50E3A6C0-FFD7-43EB-8717-F0E9F7CD04DC}"
EndProject
Global
	GlobalSection(SolutionConfigurationPlatforms) = preSolution
		Debug|Any CPU = Debug|Any CPU
		Release|Any CPU = Release|Any CPU
	EndGlobalSection
	GlobalSection(ProjectConfigurationPlatforms) = postSolution
		{50E3A6C0-FFD7-43EB-8717-F0E9F7CD04DC}.Debug|Any CPU.ActiveCfg = Debug|Any CPU
		{50E3A6C0-FFD7-43EB-8717-F0E9F7CD04DC}.Debug|Any CPU.Build.0 = Debug|Any CPU
		{50E3A6C0-FFD7-43EB-8717-F0E9F7CD04DC}.Release|Any CPU.ActiveCfg = Release|Any CPU
		{50E3A6C0-FFD7-43EB-8717-F0E9F7CD04DC}.Release|Any CPU.Build.0 = Release|Any CPU
	EndGlobalSection
	GlobalSection(SolutionProperties) = preSolution
		HideSolutionNode = FALSE
	EndGlobalSection
	GlobalSection(ExtensibilityGlobals) = postSolution
		SolutionGuid = {6EF88924-3340-4DC1-9B43-8777EDB3E0AF}
	EndGlobalSection
EndGlobal
